{
  "version": 4,
  "terraform_version": "1.9.5",
  "serial": 38,
  "lineage": "3996806b-962b-21da-0d7f-920f4823b842",
  "outputs": {},
  "resources": [
    {
      "mode": "managed",
      "type": "local_file",
      "name": "my_pet",
      "provider": "provider[\"registry.terraform.io/hashicorp/local\"]",
      "instances": [
        {
          "schema_version": 0,
          "attributes": {
            "content": "My cat name is Mr.mutt",
            "content_base64": null,
            "content_base64sha256": "/l16cmLL2mVou+VcpALbCHYU6aui2Lo+G1FfrqtDWAU=",
            "content_base64sha512": "XDBh7xzfHYNePI5Z5hBpNblxmpaSboLzXUBvA7eSNKM+mBeYENcu+HxRbO38IPldGavOs+YJl3b/wsKqqc21Tw==",
            "content_md5": "6315dc612580a7361060e84378531bb9",
            "content_sha1": "847dd42cb76b4e6d4df3eb1b4901c5c95d6e02d1",
            "content_sha256": "fe5d7a7262cbda6568bbe55ca402db087614e9aba2d8ba3e1b515faeab435805",
            "content_sha512": "5c3061ef1cdf1d835e3c8e59e6106935b9719a96926e82f35d406f03b79234a33e98179810d72ef87c516cedfc20f95d19abceb3e6099776ffc2c2aaa9cdb54f",
            "directory_permission": "0777",
            "file_permission": "0777",
            "filename": "pets.txt",
            "id": "847dd42cb76b4e6d4df3eb1b4901c5c95d6e02d1",
            "sensitive_content": null,
            "source": null
          },
          "sensitive_attributes": [
            [
              {
                "type": "get_attr",
                "value": "sensitive_content"
              }
            ]
          ],
          "dependencies": [
            "random_pet.petname"
          ]
        }
      ]
    },
    {
      "mode": "managed",
      "type": "random_pet",
      "name": "petname",
      "provider": "provider[\"registry.terraform.io/hashicorp/random\"]",
      "instances": [
        {
          "schema_version": 0,
          "attributes": {
            "id": "Mr.mutt",
            "keepers": null,
            "length": 1,
            "prefix": "Mr",
            "separator": "."
          },
          "sensitive_attributes": []
        }
      ]
    }
  ],
  "check_results": null
}
